{
  "version": 2,
  "dependencies": {
    "net10.0": {
      "templatev4.application": {
        "type": "Project",
        "dependencies": {
          "TemplateV4.ModuleContracts": "[0.2.0, )"
        }
      },
      "templatev4.commercialbilling.domain": {
        "type": "Project"
      },
      "templatev4.crm.application": {
        "type": "Project",
        "dependencies": {
          "TemplateV4.Application": "[0.2.0, )"
        }
      },
      "templatev4.domain": {
        "type": "Project",
        "dependencies": {
          "TemplateV4.CommercialBilling.Domain": "[0.2.0, )",
          "TemplateV4.Support.Domain": "[0.2.0, )"
        }
      },
      "templatev4.modulecontracts": {
        "type": "Project",
        "dependencies": {
          "TemplateV4.Domain": "[0.2.0, )",
          "TemplateV4.SharedKernel": "[0.1.0, )"
        }
      },
      "templatev4.sharedkernel": {
        "type": "Project"
      },
      "templatev4.support.domain": {
        "type": "Project"
      }
    }
  }
}