<Solution>
  <Folder Name="/src/">
    <Project Path="TemplateV4.Angular/TemplateV4.Angular.esproj">
      <Build />
      <Deploy />
    </Project>
    <Project Path="TemplateV4.ApiService/TemplateV4.ApiService.csproj" />
    <Project Path="TemplateV4.AppHost/TemplateV4.AppHost.csproj" />
    <Project Path="TemplateV4.Application/TemplateV4.Application.csproj" />
    <Project Path="TemplateV4.BackgroundWorker/TemplateV4.BackgroundWorker.csproj" />
    <Project Path="TemplateV4.DatabaseMigrator/TemplateV4.DatabaseMigrator.csproj" />
    <Project Path="TemplateV4.Domain/TemplateV4.Domain.csproj" />
    <Project Path="TemplateV4.Infrastructure/TemplateV4.Infrastructure.csproj" />
    <Project Path="TemplateV4.ServiceDefaults/TemplateV4.ServiceDefaults.csproj" />
    <Project Path="TemplateV4.SharedKernel/TemplateV4.SharedKernel.csproj" />
  </Folder>
  <Folder Name="/documentation/">
    <Project Path="../documentation/TemplateV4.Documentation.esproj">
      <Build />
      <Deploy />
    </Project>
  </Folder>
  <Folder Name="/tests/">
    <Project Path="TemplateV4.Application.Tests/TemplateV4.Application.Tests.csproj" />
  </Folder>
  <Project Path="TemplateV4.Http/TemplateV4.Http.csproj" />
  <Folder Name="/platform/">
    <Project Path="TemplateV4.ModuleContracts/TemplateV4.ModuleContracts.csproj" />
    <Project Path="TemplateV4.Persistence/TemplateV4.Persistence.csproj" />
    <Project Path="TemplateV4.Http.Shared/TemplateV4.Http.Shared.csproj" />
    <Project Path="TemplateV4.Composition/TemplateV4.Composition.csproj" />
  </Folder>
  <Folder Name="/modules/Bundled/">
    <Project Path="../modules/Bundled/Cms/Api/TemplateV4.Cms.Api.csproj" />
    <Project Path="../modules/Bundled/Cms/Application/TemplateV4.Cms.Application.csproj" />
    <Project Path="../modules/Bundled/Cms/Infrastructure/TemplateV4.Cms.Infrastructure.csproj" />
    <Project Path="../modules/Bundled/CommercialBilling/Api/TemplateV4.CommercialBilling.Api.csproj" />
    <Project Path="../modules/Bundled/CommercialBilling/Application/TemplateV4.CommercialBilling.Application.csproj" />
    <Project Path="../modules/Bundled/CommercialBilling/Infrastructure/TemplateV4.CommercialBilling.Infrastructure.csproj" />
    <Project Path="../modules/Bundled/CommercialBilling/Worker/TemplateV4.CommercialBilling.Worker.csproj" />
    <Project Path="../modules/Bundled/Crm/Api/TemplateV4.Crm.Api.csproj" />
    <Project Path="../modules/Bundled/Crm/Application/TemplateV4.Crm.Application.csproj" />
    <Project Path="../modules/Bundled/Crm/Infrastructure/TemplateV4.Crm.Infrastructure.csproj" />
    <Project Path="../modules/Bundled/Invoicing/Api/TemplateV4.Invoicing.Api.csproj" />
    <Project Path="../modules/Bundled/Invoicing/Application/TemplateV4.Invoicing.Application.csproj" />
    <Project Path="../modules/Bundled/Invoicing/Domain/TemplateV4.Invoicing.Domain.csproj" />
    <Project Path="../modules/Bundled/Invoicing/Infrastructure/TemplateV4.Invoicing.Infrastructure.csproj" />
    <Project Path="../modules/Bundled/Support/Api/TemplateV4.Support.Api.csproj" />
    <Project Path="../modules/Bundled/Support/Application/TemplateV4.Support.Application.csproj" />
    <Project Path="../modules/Bundled/Support/Domain/TemplateV4.Support.Domain.csproj" />
    <Project Path="../modules/Bundled/Support/Infrastructure/TemplateV4.Support.Infrastructure.csproj" />
  </Folder>
</Solution>
